// !$*UTF8*$!
{
	archiveVersion = 1;
	classes = {
	};
	objectVersion = 56;
	objects = {

/* Begin PBXBuildFile section */
		B70000010000000000000001 /* LuckyLotteryApp.swift in Sources */ = {isa = PBXBuildFile; fileRef = B70000020000000000000001 /* LuckyLotteryApp.swift */; };
		B70000010000000000000002 /* ContentView.swift in Sources */ = {isa = PBXBuildFile; fileRef = B70000020000000000000002 /* ContentView.swift */; };
		B70000010000000000000101 /* Color+Theme.swift in Sources */ = {isa = PBXBuildFile; fileRef = B70000020000000000000101 /* Color+Theme.swift */; };
		B7000000000000000000AD03 /* GoogleMobileAds in Frameworks */ = {isa = PBXBuildFile; productRef = B7000000000000000000AD02 /* GoogleMobileAds */; };
		B70000010000000000000200 /* AdBridge.swift in Sources */ = {isa = PBXBuildFile; fileRef = B70000020000000000000200 /* AdBridge.swift */; };
		B70000010000000000000201 /* QrScannerBridge.swift in Sources */ = {isa = PBXBuildFile; fileRef = B70000020000000000000201 /* QrScannerBridge.swift */; };
		B70000010000000000000202 /* PhotoPickerBridge.swift in Sources */ = {isa = PBXBuildFile; fileRef = B70000020000000000000202 /* PhotoPickerBridge.swift */; };
		B70000010000000000000400 /* Assets.xcassets in Resources */ = {isa = PBXBuildFile; fileRef = B70000020000000000000400 /* Assets.xcassets */; };
/* End PBXBuildFile section */

/* Begin PBXFileReference section */
		B70000020000000000000001 /* LuckyLotteryApp.swift */ = {isa = PBXFileReference; lastKnownFileType = sourcecode.swift; path = LuckyLotteryApp.swift; sourceTree = "<group>"; };
		B70000020000000000000002 /* ContentView.swift */ = {isa = PBXFileReference; lastKnownFileType = sourcecode.swift; path = ContentView.swift; sourceTree = "<group>"; };
		B70000020000000000000200 /* AdBridge.swift */ = {isa = PBXFileReference; lastKnownFileType = sourcecode.swift; path = AdBridge.swift; sourceTree = "<group>"; };
		B70000020000000000000201 /* QrScannerBridge.swift */ = {isa = PBXFileReference; lastKnownFileType = sourcecode.swift; path = QrScannerBridge.swift; sourceTree = "<group>"; };
		B70000020000000000000202 /* PhotoPickerBridge.swift */ = {isa = PBXFileReference; lastKnownFileType = sourcecode.swift; path = PhotoPickerBridge.swift; sourceTree = "<group>"; };
		B70000020000000000000003 /* Info.plist */ = {isa = PBXFileReference; lastKnownFileType = text.plist.xml; path = Info.plist; sourceTree = "<group>"; };
		B70000020000000000000500 /* Debug.xcconfig */ = {isa = PBXFileReference; lastKnownFileType = text.xcconfig; path = Debug.xcconfig; sourceTree = "<group>"; };
		B70000020000000000000501 /* Release.xcconfig */ = {isa = PBXFileReference; lastKnownFileType = text.xcconfig; path = Release.xcconfig; sourceTree = "<group>"; };
		B70000020000000000000400 /* Assets.xcassets */ = {isa = PBXFileReference; lastKnownFileType = folder.assetcatalog; path = Assets.xcassets; sourceTree = "<group>"; };
		B70000020000000000000010 /* iosApp.app */ = {isa = PBXFileReference; explicitFileType = wrapper.application; includeInIndex = 0; path = iosApp.app; sourceTree = BUILT_PRODUCTS_DIR; };
		B70000020000000000000101 /* Color+Theme.swift */ = {isa = PBXFileReference; lastKnownFileType = sourcecode.swift; path = "Color+Theme.swift"; sourceTree = "<group>"; };
/* End PBXFileReference section */

/* Begin PBXFrameworksBuildPhase section */
		B70000030000000000000001 /* Frameworks */ = {
			isa = PBXFrameworksBuildPhase;
			buildActionMask = 2147483647;
			files = (
				B7000000000000000000AD03 /* GoogleMobileAds in Frameworks */,
			);
			runOnlyForDeploymentPostprocessing = 0;
		};
/* End PBXFrameworksBuildPhase section */

/* Begin PBXGroup section */
		B70000040000000000000001 = {
			isa = PBXGroup;
			children = (
				B70000040000000000000002 /* iosApp */,
				B70000040000000000000003 /* Products */,
			);
			sourceTree = "<group>";
		};
		B70000040000000000000002 /* iosApp */ = {
			isa = PBXGroup;
			children = (
				B70000020000000000000001 /* LuckyLotteryApp.swift */,
				B70000020000000000000002 /* ContentView.swift */,
				B70000020000000000000200 /* AdBridge.swift */,
				B70000020000000000000201 /* QrScannerBridge.swift */,
				B70000020000000000000202 /* PhotoPickerBridge.swift */,
				B70000020000000000000003 /* Info.plist */,
				B70000020000000000000400 /* Assets.xcassets */,
				B70000040000000000000011 /* Extensions */,
				B70000040000000000000014 /* Configuration */,
			);
			path = iosApp;
			sourceTree = "<group>";
		};
		B70000040000000000000014 /* Configuration */ = {
			isa = PBXGroup;
			children = (
				B70000020000000000000500 /* Debug.xcconfig */,
				B70000020000000000000501 /* Release.xcconfig */,
			);
			path = Configuration;
			sourceTree = "<group>";
		};
		B70000040000000000000003 /* Products */ = {
			isa = PBXGroup;
			children = (
				B70000020000000000000010 /* iosApp.app */,
			);
			name = Products;
			sourceTree = "<group>";
		};
		B70000040000000000000011 /* Extensions */ = {
			isa = PBXGroup;
			children = (
				B70000020000000000000101 /* Color+Theme.swift */,
			);
			path = Extensions;
			sourceTree = "<group>";
		};
/* End PBXGroup section */

/* Begin PBXNativeTarget section */
		B70000050000000000000001 /* iosApp */ = {
			isa = PBXNativeTarget;
			buildConfigurationList = B70000070000000000000001 /* Build configuration list for PBXNativeTarget "iosApp" */;
			buildPhases = (
				B70000080000000000000001 /* Build Kotlin Framework */,
				B70000060000000000000001 /* Sources */,
				B70000030000000000000001 /* Frameworks */,
				B700000C0000000000000001 /* Resources */,
			);
			buildRules = (
			);
			dependencies = (
			);
			name = iosApp;
			packageProductDependencies = (
				B7000000000000000000AD02 /* GoogleMobileAds */,
			);
			productName = iosApp;
			productReference = B70000020000000000000010 /* iosApp.app */;
			productType = "com.apple.product-type.application";
		};
/* End PBXNativeTarget section */

/* Begin PBXProject section */
		B70000090000000000000001 /* Project object */ = {
			isa = PBXProject;
			attributes = {
				BuildIndependentTargetsInParallel = 1;
				LastSwiftUpdateCheck = 1540;
				LastUpgradeCheck = 1540;
			};
			buildConfigurationList = B70000070000000000000002 /* Build configuration list for PBXProject "iosApp" */;
			compatibilityVersion = "Xcode 14.0";
			developmentRegion = ko;
			hasScannedForEncodings = 0;
			knownRegions = (
				en,
				ko,
				Base,
			);
			mainGroup = B70000040000000000000001;
			packageReferences = (
				B7000000000000000000AD01 /* XCRemoteSwiftPackageReference "swift-package-manager-google-mobile-ads" */,
			);
			productRefGroup = B70000040000000000000003 /* Products */;
			projectDirPath = "";
			projectRoot = "";
			targets = (
				B70000050000000000000001 /* iosApp */,
			);
		};
/* End PBXProject section */

/* Begin PBXResourcesBuildPhase section */
		B700000C0000000000000001 /* Resources */ = {
			isa = PBXResourcesBuildPhase;
			buildActionMask = 2147483647;
			files = (
				B70000010000000000000400 /* Assets.xcassets in Resources */,
			);
			runOnlyForDeploymentPostprocessing = 0;
		};
/* End PBXResourcesBuildPhase section */

/* Begin PBXShellScriptBuildPhase section */
		B70000080000000000000001 /* Build Kotlin Framework */ = {
			isa = PBXShellScriptBuildPhase;
			buildActionMask = 2147483647;
			files = (
			);
			inputFileListPaths = (
			);
			inputPaths = (
			);
			name = "Build Kotlin Framework";
			outputFileListPaths = (
			);
			outputPaths = (
			);
			runOnlyForDeploymentPostprocessing = 0;
			shellPath = /bin/sh;
			shellScript = "cd \"$SRCROOT/..\"\n./gradlew :composeApp:embedAndSignAppleFrameworkForXcode\n";
		};
/* End PBXShellScriptBuildPhase section */

/* Begin PBXSourcesBuildPhase section */
		B70000060000000000000001 /* Sources */ = {
			isa = PBXSourcesBuildPhase;
			buildActionMask = 2147483647;
			files = (
				B70000010000000000000200 /* AdBridge.swift in Sources */,
				B70000010000000000000201 /* QrScannerBridge.swift in Sources */,
				B70000010000000000000202 /* PhotoPickerBridge.swift in Sources */,
				B70000010000000000000001 /* LuckyLotteryApp.swift in Sources */,
				B70000010000000000000002 /* ContentView.swift in Sources */,
				B70000010000000000000101 /* Color+Theme.swift in Sources */,
			);
			runOnlyForDeploymentPostprocessing = 0;
		};
/* End PBXSourcesBuildPhase section */

/* Begin XCBuildConfiguration section */
		B700000A0000000000000001 /* Debug */ = {
			isa = XCBuildConfiguration;
			buildSettings = {
				ALWAYS_SEARCH_USER_PATHS = NO;
				ASSETCATALOG_COMPILER_GENERATE_SWIFT_ASSET_SYMBOL_EXTENSIONS = YES;
				CLANG_ANALYZER_NONNULL = YES;
				CLANG_CXX_LANGUAGE_STANDARD = "gnu++20";
				CLANG_ENABLE_MODULES = YES;
				CLANG_ENABLE_OBJC_ARC = YES;
				COPY_PHASE_STRIP = NO;
				DEBUG_INFORMATION_FORMAT = dwarf;
				ENABLE_STRICT_OBJC_MSGSEND = YES;
				ENABLE_TESTABILITY = YES;
				GCC_DYNAMIC_NO_PIC = NO;
				GCC_OPTIMIZATION_LEVEL = 0;
				GCC_PREPROCESSOR_DEFINITIONS = (
					"DEBUG=1",
					"$(inherited)",
				);
				GCC_WARN_ABOUT_RETURN_TYPE = YES_ERROR;
				GCC_WARN_UNINITIALIZED_AUTOS = YES_AGGRESSIVE;
				IPHONEOS_DEPLOYMENT_TARGET = 17.0;
				MTL_ENABLE_DEBUG_INFO = INCLUDE_SOURCE;
				ONLY_ACTIVE_ARCH = YES;
				SDKROOT = iphoneos;
				SWIFT_ACTIVE_COMPILATION_CONDITIONS = "$(inherited) DEBUG";
				SWIFT_OPTIMIZATION_LEVEL = "-Onone";
			};
			name = Debug;
		};
		B700000A0000000000000002 /* Release */ = {
			isa = XCBuildConfiguration;
			buildSettings = {
				ALWAYS_SEARCH_USER_PATHS = NO;
				ASSETCATALOG_COMPILER_GENERATE_SWIFT_ASSET_SYMBOL_EXTENSIONS = YES;
				CLANG_ANALYZER_NONNULL = YES;
				CLANG_CXX_LANGUAGE_STANDARD = "gnu++20";
				CLANG_ENABLE_MODULES = YES;
				CLANG_ENABLE_OBJC_ARC = YES;
				COPY_PHASE_STRIP = NO;
				DEBUG_INFORMATION_FORMAT = "dwarf-with-dsym";
				ENABLE_NS_ASSERTIONS = NO;
				ENABLE_STRICT_OBJC_MSGSEND = YES;
				GCC_WARN_ABOUT_RETURN_TYPE = YES_ERROR;
				GCC_WARN_UNINITIALIZED_AUTOS = YES_AGGRESSIVE;
				IPHONEOS_DEPLOYMENT_TARGET = 17.0;
				MTL_ENABLE_DEBUG_INFO = NO;
				SDKROOT = iphoneos;
				SWIFT_COMPILATION_MODE = wholemodule;
				VALIDATE_PRODUCT = YES;
			};
			name = Release;
		};
		B700000B0000000000000001 /* Debug */ = {
			isa = XCBuildConfiguration;
			baseConfigurationReference = B70000020000000000000500 /* Debug.xcconfig */;
			buildSettings = {
				ASSETCATALOG_COMPILER_APPICON_NAME = AppIcon;
				CODE_SIGN_STYLE = Automatic;
				CURRENT_PROJECT_VERSION = 1;
				FRAMEWORK_SEARCH_PATHS = (
					"$(SRCROOT)/../shared/build/xcode-frameworks/$(CONFIGURATION)/$(SDK_NAME)",
				);
				GENERATE_INFOPLIST_FILE = YES;
				INFOPLIST_FILE = iosApp/Info.plist;
				INFOPLIST_KEY_CFBundleDisplayName = "행운복권";
				INFOPLIST_KEY_UIApplicationSceneManifest_Generation = YES;
				INFOPLIST_KEY_UIApplicationSupportsIndirectInputEvents = YES;
				INFOPLIST_KEY_UISupportedInterfaceOrientations = UIInterfaceOrientationPortrait;
				MARKETING_VERSION = 1.0.0;
				OTHER_LDFLAGS = (
					"$(inherited)",
					"-framework",
					LuckyLotteryShared,
				);
				PRODUCT_BUNDLE_IDENTIFIER = com.junjange.luckylottery;
				PRODUCT_NAME = "$(TARGET_NAME)";
				SWIFT_EMIT_LOC_STRINGS = YES;
				SWIFT_VERSION = 5.0;
				TARGETED_DEVICE_FAMILY = "1,2";
			};
			name = Debug;
		};
		B700000B0000000000000002 /* Release */ = {
			isa = XCBuildConfiguration;
			baseConfigurationReference = B70000020000000000000501 /* Release.xcconfig */;
			buildSettings = {
				ASSETCATALOG_COMPILER_APPICON_NAME = AppIcon;
				CODE_SIGN_STYLE = Automatic;
				CURRENT_PROJECT_VERSION = 1;
				FRAMEWORK_SEARCH_PATHS = (
					"$(SRCROOT)/../shared/build/xcode-frameworks/$(CONFIGURATION)/$(SDK_NAME)",
				);
				GENERATE_INFOPLIST_FILE = YES;
				INFOPLIST_FILE = iosApp/Info.plist;
				INFOPLIST_KEY_CFBundleDisplayName = "행운복권";
				INFOPLIST_KEY_UIApplicationSceneManifest_Generation = YES;
				INFOPLIST_KEY_UIApplicationSupportsIndirectInputEvents = YES;
				INFOPLIST_KEY_UISupportedInterfaceOrientations = UIInterfaceOrientationPortrait;
				MARKETING_VERSION = 1.0.0;
				OTHER_LDFLAGS = (
					"$(inherited)",
					"-framework",
					LuckyLotteryShared,
				);
				PRODUCT_BUNDLE_IDENTIFIER = com.junjange.luckylottery;
				PRODUCT_NAME = "$(TARGET_NAME)";
				SWIFT_EMIT_LOC_STRINGS = YES;
				SWIFT_VERSION = 5.0;
				TARGETED_DEVICE_FAMILY = "1,2";
			};
			name = Release;
		};
/* End XCBuildConfiguration section */

/* Begin XCConfigurationList section */
		B70000070000000000000001 /* Build configuration list for PBXNativeTarget "iosApp" */ = {
			isa = XCConfigurationList;
			buildConfigurations = (
				B700000B0000000000000001 /* Debug */,
				B700000B0000000000000002 /* Release */,
			);
			defaultConfigurationIsVisible = 0;
			defaultConfigurationName = Release;
		};
		B70000070000000000000002 /* Build configuration list for PBXProject "iosApp" */ = {
			isa = XCConfigurationList;
			buildConfigurations = (
				B700000A0000000000000001 /* Debug */,
				B700000A0000000000000002 /* Release */,
			);
			defaultConfigurationIsVisible = 0;
			defaultConfigurationName = Release;
		};
/* End XCConfigurationList section */

/* Begin XCRemoteSwiftPackageReference section */
		B7000000000000000000AD01 /* XCRemoteSwiftPackageReference "swift-package-manager-google-mobile-ads" */ = {
			isa = XCRemoteSwiftPackageReference;
			repositoryURL = "https://github.com/googleads/swift-package-manager-google-mobile-ads.git";
			requirement = {
				kind = upToNextMajorVersion;
				minimumVersion = 12.0.0;
			};
		};
/* End XCRemoteSwiftPackageReference section */

/* Begin XCSwiftPackageProductDependency section */
		B7000000000000000000AD02 /* GoogleMobileAds */ = {
			isa = XCSwiftPackageProductDependency;
			package = B7000000000000000000AD01 /* XCRemoteSwiftPackageReference "swift-package-manager-google-mobile-ads" */;
			productName = GoogleMobileAds;
		};
/* End XCSwiftPackageProductDependency section */

	};
	rootObject = B70000090000000000000001 /* Project object */;
}
